
Microsoft Visual Studio Solution File, Format Version 12.00
# Visual Studio Version 16
VisualStudioVersion = 16.0.31112.23
MinimumVisualStudioVersion = 10.0.40219.1
Project("{9A19103F-16F7-4668-BE54-9A1E7A4F7556}") = "NasaApiApp", "NasaApiApp\NasaApiApp.csproj", "{6089F295-B6B2-4239-B436-D0F67FA218DD}"
EndProject
Project("{9A19103F-16F7-4668-BE54-9A1E7A4F7556}") = "NasaApi.Application", "NasaApi.Application\NasaApi.Application.csproj", "{77D45F10-EDE0-4C70-B8D6-5960B6615957}"
EndProject
Project("{9A19103F-16F7-4668-BE54-9A1E7A4F7556}") = "NasaApiApp.UnitTest", "NasaApiApp.UnitTest\NasaApiApp.UnitTest.csproj", "{DE7FADF1-383D-4C66-8BEF-886AB2D333C3}"
EndProject
Project("{FAE04EC0-301F-11D3-BF4B-00C04F79EFBC}") = "NasaApiApp.ApiTest", "NasaApiApp.ApiTest\NasaApiApp.ApiTest.csproj", "{2FA31534-E850-486C-AB31-4A982545D9AC}"
EndProject
Global
	GlobalSection(SolutionConfigurationPlatforms) = preSolution
		Debug|Any CPU = Debug|Any CPU
		Release|Any CPU = Release|Any CPU
	EndGlobalSection
	GlobalSection(ProjectConfigurationPlatforms) = postSolution
		{6089F295-B6B2-4239-B436-D0F67FA218DD}.Debug|Any CPU.ActiveCfg = Debug|Any CPU
		{6089F295-B6B2-4239-B436-D0F67FA218DD}.Debug|Any CPU.Build.0 = Debug|Any CPU
		{6089F295-B6B2-4239-B436-D0F67FA218DD}.Release|Any CPU.ActiveCfg = Release|Any CPU
		{6089F295-B6B2-4239-B436-D0F67FA218DD}.Release|Any CPU.Build.0 = Release|Any CPU
		{77D45F10-EDE0-4C70-B8D6-5960B6615957}.Debug|Any CPU.ActiveCfg = Debug|Any CPU
		{77D45F10-EDE0-4C70-B8D6-5960B6615957}.Debug|Any CPU.Build.0 = Debug|Any CPU
		{77D45F10-EDE0-4C70-B8D6-5960B6615957}.Release|Any CPU.ActiveCfg = Release|Any CPU
		{77D45F10-EDE0-4C70-B8D6-5960B6615957}.Release|Any CPU.Build.0 = Release|Any CPU
		{DE7FADF1-383D-4C66-8BEF-886AB2D333C3}.Debug|Any CPU.ActiveCfg = Debug|Any CPU
		{DE7FADF1-383D-4C66-8BEF-886AB2D333C3}.Debug|Any CPU.Build.0 = Debug|Any CPU
		{DE7FADF1-383D-4C66-8BEF-886AB2D333C3}.Release|Any CPU.ActiveCfg = Release|Any CPU
		{DE7FADF1-383D-4C66-8BEF-886AB2D333C3}.Release|Any CPU.Build.0 = Release|Any CPU
		{2FA31534-E850-486C-AB31-4A982545D9AC}.Debug|Any CPU.ActiveCfg = Debug|Any CPU
		{2FA31534-E850-486C-AB31-4A982545D9AC}.Debug|Any CPU.Build.0 = Debug|Any CPU
		{2FA31534-E850-486C-AB31-4A982545D9AC}.Release|Any CPU.ActiveCfg = Release|Any CPU
		{2FA31534-E850-486C-AB31-4A982545D9AC}.Release|Any CPU.Build.0 = Release|Any CPU
	EndGlobalSection
	GlobalSection(SolutionProperties) = preSolution
		HideSolutionNode = FALSE
	EndGlobalSection
	GlobalSection(ExtensibilityGlobals) = postSolution
		SolutionGuid = {FB188072-5DD9-4A84-874B-D7C97CDC6D5A}
	EndGlobalSection
EndGlobal
